
Microsoft Visual Studio Solution File, Format Version 12.00
# Visual Studio Version 17
VisualStudioVersion = 17.0.31903.59
MinimumVisualStudioVersion = 10.0.40219.1
Project("{FAE04EC0-301F-11D3-BF4B-00C04F79EFBC}") = "MCBlazor", "MCBlazor\MCBlazor.csproj", "{F484E557-D9BB-48CD-B2D9-D22C5CFA0AF2}"
EndProject
Project("{FAE04EC0-301F-11D3-BF4B-00C04F79EFBC}") = "MCBiblioteca", "MCBiblioteca\MCBiblioteca.csproj", "{80CFB1A6-6690-4980-9CC5-297649EFE528}"
EndProject
Global
	GlobalSection(SolutionConfigurationPlatforms) = preSolution
		Debug|Any CPU = Debug|Any CPU
		Release|Any CPU = Release|Any CPU
	EndGlobalSection
	GlobalSection(SolutionProperties) = preSolution
		HideSolutionNode = FALSE
	EndGlobalSection
	GlobalSection(ProjectConfigurationPlatforms) = postSolution
		{F484E557-D9BB-48CD-B2D9-D22C5CFA0AF2}.Debug|Any CPU.ActiveCfg = Debug|Any CPU
		{F484E557-D9BB-48CD-B2D9-D22C5CFA0AF2}.Debug|Any CPU.Build.0 = Debug|Any CPU
		{F484E557-D9BB-48CD-B2D9-D22C5CFA0AF2}.Release|Any CPU.ActiveCfg = Release|Any CPU
		{F484E557-D9BB-48CD-B2D9-D22C5CFA0AF2}.Release|Any CPU.Build.0 = Release|Any CPU
		{80CFB1A6-6690-4980-9CC5-297649EFE528}.Debug|Any CPU.ActiveCfg = Debug|Any CPU
		{80CFB1A6-6690-4980-9CC5-297649EFE528}.Debug|Any CPU.Build.0 = Debug|Any CPU
		{80CFB1A6-6690-4980-9CC5-297649EFE528}.Release|Any CPU.ActiveCfg = Release|Any CPU
		{80CFB1A6-6690-4980-9CC5-297649EFE528}.Release|Any CPU.Build.0 = Release|Any CPU
	EndGlobalSection
EndGlobal
